github.com/absormu/go-say-hello v1.0.0 h1:JJom6Iju25JCxpaecS6lUhfZuU/3ZctuQ88vKbYj9Kw=
github.com/absormu/go-say-hello v1.0.0/go.mod h1:zM5BG2yLy3VapcO93mME4TPtQs0FxMOdLZu9iBN/EJg=
github.com/absormu/go-say-hello v1.2.0 h1:Xc4yQQgtMJrBIA4Kn9Vu5ifxSuI5oZuoHDbVIH/kZpc=
github.com/absormu/go-say-hello v1.2.0/go.mod h1:zM5BG2yLy3VapcO93mME4TPtQs0FxMOdLZu9iBN/EJg=
github.com/absormu/go-say-hello/v2 v2.0.0 h1:IuNiLrWv/AcTYtcoUFveIh3ToVtn7jyWAV/K3pKCiHs=
github.com/absormu/go-say-hello/v2 v2.0.0/go.mod h1:q/XnhQ9RXrSMnjaS4PWVxAx9EhA5qboUvtjJEvmFIbc=
